// !$*UTF8*$!
{
	archiveVersion = 1;
	classes = {
	};
	objectVersion = 51;
	objects = {

/* Begin PBXBuildFile section */
		9B117FF4328D57E8011E1C59 /* Pods_Books.framework in Frameworks */ = {isa = PBXBuildFile; fileRef = 357EA97E6B6ED4AAF33E52C3 /* Pods_Books.framework */; };
		FB626F7A23B0D14A0060E029 /* ItemCell.swift in Sources */ = {isa = PBXBuildFile; fileRef = FB626F7823B0D14A0060E029 /* ItemCell.swift */; };
		FB626F7B23B0D14A0060E029 /* ItemCell.xib in Resources */ = {isa = PBXBuildFile; fileRef = FB626F7923B0D14A0060E029 /* ItemCell.xib */; };
		FB626F7D23B0E1400060E029 /* BookItem.swift in Sources */ = {isa = PBXBuildFile; fileRef = FB626F7C23B0E1400060E029 /* BookItem.swift */; };
		FB626F7F23B0E23D0060E029 /* HomeModel.swift in Sources */ = {isa = PBXBuildFile; fileRef = FB626F7E23B0E23D0060E029 /* HomeModel.swift */; };
		FB8038C423AA10E800651A7C /* AppDelegate.swift in Sources */ = {isa = PBXBuildFile; fileRef = FB8038C323AA10E800651A7C /* AppDelegate.swift */; };
		FB8038C623AA10E800651A7C /* SceneDelegate.swift in Sources */ = {isa = PBXBuildFile; fileRef = FB8038C523AA10E800651A7C /* SceneDelegate.swift */; };
		FB8038C823AA10E800651A7C /* ViewController.swift in Sources */ = {isa = PBXBuildFile; fileRef = FB8038C723AA10E800651A7C /* ViewController.swift */; };
		FB8038CB23AA10E800651A7C /* Main.storyboard in Resources */ = {isa = PBXBuildFile; fileRef = FB8038C923AA10E800651A7C /* Main.storyboard */; };
		FB8038CD23AA10EA00651A7C /* Assets.xcassets in Resources */ = {isa = PBXBuildFile; fileRef = FB8038CC23AA10EA00651A7C /* Assets.xcassets */; };
		FB8038D023AA10EA00651A7C /* LaunchScreen.storyboard in Resources */ = {isa = PBXBuildFile; fileRef = FB8038CE23AA10EA00651A7C /* LaunchScreen.storyboard */; };
		FB8038DA23AA113C00651A7C /* SingUpViewController.swift in Sources */ = {isa = PBXBuildFile; fileRef = FB8038D923AA113C00651A7C /* SingUpViewController.swift */; };
		FB8038DC23AA114900651A7C /* LoginViewController.swift in Sources */ = {isa = PBXBuildFile; fileRef = FB8038DB23AA114900651A7C /* LoginViewController.swift */; };
		FB8038DE23AA115500651A7C /* HomeViewController.swift in Sources */ = {isa = PBXBuildFile; fileRef = FB8038DD23AA115500651A7C /* HomeViewController.swift */; };
		FB8038E223AA13FF00651A7C /* Utilities.swift in Sources */ = {isa = PBXBuildFile; fileRef = FB8038E123AA13FF00651A7C /* Utilities.swift */; };
		FB8038E423AA17FB00651A7C /* GoogleService-Info.plist in Resources */ = {isa = PBXBuildFile; fileRef = FB8038E323AA17FA00651A7C /* GoogleService-Info.plist */; };
		FB8038E623AA1B5300651A7C /* Users.swift in Sources */ = {isa = PBXBuildFile; fileRef = FB8038E523AA1B5300651A7C /* Users.swift */; };
		FB8038E823AA1E6500651A7C /* Constants.swift in Sources */ = {isa = PBXBuildFile; fileRef = FB8038E723AA1E6500651A7C /* Constants.swift */; };
		FBA8D80223AD209F00F53658 /* PersonasInteresadasViewController.swift in Sources */ = {isa = PBXBuildFile; fileRef = FBA8D80123AD209F00F53658 /* PersonasInteresadasViewController.swift */; };
		FBA8D80423AD20B200F53658 /* LibrosInteresViewController.swift in Sources */ = {isa = PBXBuildFile; fileRef = FBA8D80323AD20B200F53658 /* LibrosInteresViewController.swift */; };
		FBA8D80623AD20C200F53658 /* MisLibrosViewController.swift in Sources */ = {isa = PBXBuildFile; fileRef = FBA8D80523AD20C200F53658 /* MisLibrosViewController.swift */; };
		FBA8D80823AD225E00F53658 /* HomeNavViewController.swift in Sources */ = {isa = PBXBuildFile; fileRef = FBA8D80723AD225E00F53658 /* HomeNavViewController.swift */; };
		FBA8D80A23AD229E00F53658 /* MainTabBarController.swift in Sources */ = {isa = PBXBuildFile; fileRef = FBA8D80923AD229E00F53658 /* MainTabBarController.swift */; };
		FBB544AC23ACCF8000C1FE99 /* SingupModel.swift in Sources */ = {isa = PBXBuildFile; fileRef = FBB544AB23ACCF8000C1FE99 /* SingupModel.swift */; };
		FBB544AE23ACD5D900C1FE99 /* LoginModel.swift in Sources */ = {isa = PBXBuildFile; fileRef = FBB544AD23ACD5D900C1FE99 /* LoginModel.swift */; };
/* End PBXBuildFile section */

/* Begin PBXFileReference section */
		357EA97E6B6ED4AAF33E52C3 /* Pods_Books.framework */ = {isa = PBXFileReference; explicitFileType = wrapper.framework; includeInIndex = 0; path = Pods_Books.framework; sourceTree = BUILT_PRODUCTS_DIR; };
		61BF4046CF364783E9C972E3 /* Pods-Books.release.xcconfig */ = {isa = PBXFileReference; includeInIndex = 1; lastKnownFileType = text.xcconfig; name = "Pods-Books.release.xcconfig"; path = "Target Support Files/Pods-Books/Pods-Books.release.xcconfig"; sourceTree = "<group>"; };
		6845C3CF5A8D2996E0F0019E /* Pods-Books.debug.xcconfig */ = {isa = PBXFileReference; includeInIndex = 1; lastKnownFileType = text.xcconfig; name = "Pods-Books.debug.xcconfig"; path = "Target Support Files/Pods-Books/Pods-Books.debug.xcconfig"; sourceTree = "<group>"; };
		FB626F7823B0D14A0060E029 /* ItemCell.swift */ = {isa = PBXFileReference; lastKnownFileType = sourcecode.swift; path = ItemCell.swift; sourceTree = "<group>"; };
		FB626F7923B0D14A0060E029 /* ItemCell.xib */ = {isa = PBXFileReference; lastKnownFileType = file.xib; path = ItemCell.xib; sourceTree = "<group>"; };
		FB626F7C23B0E1400060E029 /* BookItem.swift */ = {isa = PBXFileReference; lastKnownFileType = sourcecode.swift; path = BookItem.swift; sourceTree = "<group>"; };
		FB626F7E23B0E23D0060E029 /* HomeModel.swift */ = {isa = PBXFileReference; lastKnownFileType = sourcecode.swift; path = HomeModel.swift; sourceTree = "<group>"; };
		FB8038C023AA10E800651A7C /* Books.app */ = {isa = PBXFileReference; explicitFileType = wrapper.application; includeInIndex = 0; path = Books.app; sourceTree = BUILT_PRODUCTS_DIR; };
		FB8038C323AA10E800651A7C /* AppDelegate.swift */ = {isa = PBXFileReference; lastKnownFileType = sourcecode.swift; path = AppDelegate.swift; sourceTree = "<group>"; };
		FB8038C523AA10E800651A7C /* SceneDelegate.swift */ = {isa = PBXFileReference; lastKnownFileType = sourcecode.swift; path = SceneDelegate.swift; sourceTree = "<group>"; };
		FB8038C723AA10E800651A7C /* ViewController.swift */ = {isa = PBXFileReference; lastKnownFileType = sourcecode.swift; path = ViewController.swift; sourceTree = "<group>"; };
		FB8038CA23AA10E800651A7C /* Base */ = {isa = PBXFileReference; lastKnownFileType = file.storyboard; name = Base; path = Base.lproj/Main.storyboard; sourceTree = "<group>"; };
		FB8038CC23AA10EA00651A7C /* Assets.xcassets */ = {isa = PBXFileReference; lastKnownFileType = folder.assetcatalog; path = Assets.xcassets; sourceTree = "<group>"; };
		FB8038CF23AA10EA00651A7C /* Base */ = {isa = PBXFileReference; lastKnownFileType = file.storyboard; name = Base; path = Base.lproj/LaunchScreen.storyboard; sourceTree = "<group>"; };
		FB8038D123AA10EA00651A7C /* Info.plist */ = {isa = PBXFileReference; lastKnownFileType = text.plist.xml; path = Info.plist; sourceTree = "<group>"; };
		FB8038D923AA113C00651A7C /* SingUpViewController.swift */ = {isa = PBXFileReference; lastKnownFileType = sourcecode.swift; path = SingUpViewController.swift; sourceTree = "<group>"; };
		FB8038DB23AA114900651A7C /* LoginViewController.swift */ = {isa = PBXFileReference; lastKnownFileType = sourcecode.swift; path = LoginViewController.swift; sourceTree = "<group>"; };
		FB8038DD23AA115500651A7C /* HomeViewController.swift */ = {isa = PBXFileReference; lastKnownFileType = sourcecode.swift; path = HomeViewController.swift; sourceTree = "<group>"; };
		FB8038E123AA13FF00651A7C /* Utilities.swift */ = {isa = PBXFileReference; fileEncoding = 4; lastKnownFileType = sourcecode.swift; path = Utilities.swift; sourceTree = "<group>"; };
		FB8038E323AA17FA00651A7C /* GoogleService-Info.plist */ = {isa = PBXFileReference; fileEncoding = 4; lastKnownFileType = text.plist.xml; path = "GoogleService-Info.plist"; sourceTree = "<group>"; };
		FB8038E523AA1B5300651A7C /* Users.swift */ = {isa = PBXFileReference; fileEncoding = 4; lastKnownFileType = sourcecode.swift; path = Users.swift; sourceTree = "<group>"; };
		FB8038E723AA1E6500651A7C /* Constants.swift */ = {isa = PBXFileReference; lastKnownFileType = sourcecode.swift; path = Constants.swift; sourceTree = "<group>"; };
		FBA8D80123AD209F00F53658 /* PersonasInteresadasViewController.swift */ = {isa = PBXFileReference; lastKnownFileType = sourcecode.swift; path = PersonasInteresadasViewController.swift; sourceTree = "<group>"; };
		FBA8D80323AD20B200F53658 /* LibrosInteresViewController.swift */ = {isa = PBXFileReference; lastKnownFileType = sourcecode.swift; path = LibrosInteresViewController.swift; sourceTree = "<group>"; };
		FBA8D80523AD20C200F53658 /* MisLibrosViewController.swift */ = {isa = PBXFileReference; lastKnownFileType = sourcecode.swift; path = MisLibrosViewController.swift; sourceTree = "<group>"; };
		FBA8D80723AD225E00F53658 /* HomeNavViewController.swift */ = {isa = PBXFileReference; lastKnownFileType = sourcecode.swift; path = HomeNavViewController.swift; sourceTree = "<group>"; };
		FBA8D80923AD229E00F53658 /* MainTabBarController.swift */ = {isa = PBXFileReference; lastKnownFileType = sourcecode.swift; path = MainTabBarController.swift; sourceTree = "<group>"; };
		FBB544AB23ACCF8000C1FE99 /* SingupModel.swift */ = {isa = PBXFileReference; lastKnownFileType = sourcecode.swift; path = SingupModel.swift; sourceTree = "<group>"; };
		FBB544AD23ACD5D900C1FE99 /* LoginModel.swift */ = {isa = PBXFileReference; lastKnownFileType = sourcecode.swift; path = LoginModel.swift; sourceTree = "<group>"; };
/* End PBXFileReference section */

/* Begin PBXFrameworksBuildPhase section */
		FB8038BD23AA10E800651A7C /* Frameworks */ = {
			isa = PBXFrameworksBuildPhase;
			buildActionMask = 2147483647;
			files = (
				9B117FF4328D57E8011E1C59 /* Pods_Books.framework in Frameworks */,
			);
			runOnlyForDeploymentPostprocessing = 0;
		};
/* End PBXFrameworksBuildPhase section */

/* Begin PBXGroup section */
		2236A441577D31CA224D2CF9 /* Frameworks */ = {
			isa = PBXGroup;
			children = (
				357EA97E6B6ED4AAF33E52C3 /* Pods_Books.framework */,
			);
			name = Frameworks;
			sourceTree = "<group>";
		};
		C2D0CA265B28C5BF9A5CAC23 /* Pods */ = {
			isa = PBXGroup;
			children = (
				6845C3CF5A8D2996E0F0019E /* Pods-Books.debug.xcconfig */,
				61BF4046CF364783E9C972E3 /* Pods-Books.release.xcconfig */,
			);
			path = Pods;
			sourceTree = "<group>";
		};
		FB626F7523B0D0DD0060E029 /* ItemCell */ = {
			isa = PBXGroup;
			children = (
				FB626F7823B0D14A0060E029 /* ItemCell.swift */,
				FB626F7923B0D14A0060E029 /* ItemCell.xib */,
			);
			path = ItemCell;
			sourceTree = "<group>";
		};
		FB8038B723AA10E800651A7C = {
			isa = PBXGroup;
			children = (
				FB8038C223AA10E800651A7C /* Books */,
				FB8038C123AA10E800651A7C /* Products */,
				C2D0CA265B28C5BF9A5CAC23 /* Pods */,
				2236A441577D31CA224D2CF9 /* Frameworks */,
			);
			sourceTree = "<group>";
		};
		FB8038C123AA10E800651A7C /* Products */ = {
			isa = PBXGroup;
			children = (
				FB8038C023AA10E800651A7C /* Books.app */,
			);
			name = Products;
			sourceTree = "<group>";
		};
		FB8038C223AA10E800651A7C /* Books */ = {
			isa = PBXGroup;
			children = (
				FB626F7523B0D0DD0060E029 /* ItemCell */,
				FBB544AA23ACCF4400C1FE99 /* Model */,
				FB8038E023AA13BC00651A7C /* Helpers */,
				FB8038D723AA10F500651A7C /* View Controller */,
				FB8038C323AA10E800651A7C /* AppDelegate.swift */,
				FB8038C523AA10E800651A7C /* SceneDelegate.swift */,
				FB8038E523AA1B5300651A7C /* Users.swift */,
				FB8038C923AA10E800651A7C /* Main.storyboard */,
				FB8038CC23AA10EA00651A7C /* Assets.xcassets */,
				FB8038CE23AA10EA00651A7C /* LaunchScreen.storyboard */,
				FB8038E323AA17FA00651A7C /* GoogleService-Info.plist */,
				FB8038D123AA10EA00651A7C /* Info.plist */,
				FB626F7C23B0E1400060E029 /* BookItem.swift */,
			);
			path = Books;
			sourceTree = "<group>";
		};
		FB8038D723AA10F500651A7C /* View Controller */ = {
			isa = PBXGroup;
			children = (
				FB8038C723AA10E800651A7C /* ViewController.swift */,
				FB8038D923AA113C00651A7C /* SingUpViewController.swift */,
				FB8038DB23AA114900651A7C /* LoginViewController.swift */,
				FB8038DD23AA115500651A7C /* HomeViewController.swift */,
				FBA8D80123AD209F00F53658 /* PersonasInteresadasViewController.swift */,
				FBA8D80323AD20B200F53658 /* LibrosInteresViewController.swift */,
				FBA8D80523AD20C200F53658 /* MisLibrosViewController.swift */,
				FBA8D80723AD225E00F53658 /* HomeNavViewController.swift */,
				FBA8D80923AD229E00F53658 /* MainTabBarController.swift */,
			);
			path = "View Controller";
			sourceTree = "<group>";
		};
		FB8038E023AA13BC00651A7C /* Helpers */ = {
			isa = PBXGroup;
			children = (
				FB8038E123AA13FF00651A7C /* Utilities.swift */,
				FB8038E723AA1E6500651A7C /* Constants.swift */,
			);
			path = Helpers;
			sourceTree = "<group>";
		};
		FBB544AA23ACCF4400C1FE99 /* Model */ = {
			isa = PBXGroup;
			children = (
				FBB544AB23ACCF8000C1FE99 /* SingupModel.swift */,
				FBB544AD23ACD5D900C1FE99 /* LoginModel.swift */,
				FB626F7E23B0E23D0060E029 /* HomeModel.swift */,
			);
			path = Model;
			sourceTree = "<group>";
		};
/* End PBXGroup section */

/* Begin PBXNativeTarget section */
		FB8038BF23AA10E800651A7C /* Books */ = {
			isa = PBXNativeTarget;
			buildConfigurationList = FB8038D423AA10EA00651A7C /* Build configuration list for PBXNativeTarget "Books" */;
			buildPhases = (
				A3842D93DA2EBCCD970FAF16 /* [CP] Check Pods Manifest.lock */,
				FB8038BC23AA10E800651A7C /* Sources */,
				FB8038BD23AA10E800651A7C /* Frameworks */,
				FB8038BE23AA10E800651A7C /* Resources */,
				D6CBFA2BC3F4488A37358F6D /* [CP] Embed Pods Frameworks */,
			);
			buildRules = (
			);
			dependencies = (
			);
			name = Books;
			productName = Books;
			productReference = FB8038C023AA10E800651A7C /* Books.app */;
			productType = "com.apple.product-type.application";
		};
/* End PBXNativeTarget section */

/* Begin PBXProject section */
		FB8038B823AA10E800651A7C /* Project object */ = {
			isa = PBXProject;
			attributes = {
				LastSwiftUpdateCheck = 1130;
				LastUpgradeCheck = 1130;
				ORGANIZATIONNAME = Carlos;
				TargetAttributes = {
					FB8038BF23AA10E800651A7C = {
						CreatedOnToolsVersion = 11.3;
					};
				};
			};
			buildConfigurationList = FB8038BB23AA10E800651A7C /* Build configuration list for PBXProject "Books" */;
			compatibilityVersion = "Xcode 9.3";
			developmentRegion = en;
			hasScannedForEncodings = 0;
			knownRegions = (
				en,
				Base,
			);
			mainGroup = FB8038B723AA10E800651A7C;
			productRefGroup = FB8038C123AA10E800651A7C /* Products */;
			projectDirPath = "";
			projectRoot = "";
			targets = (
				FB8038BF23AA10E800651A7C /* Books */,
			);
		};
/* End PBXProject section */

/* Begin PBXResourcesBuildPhase section */
		FB8038BE23AA10E800651A7C /* Resources */ = {
			isa = PBXResourcesBuildPhase;
			buildActionMask = 2147483647;
			files = (
				FB8038D023AA10EA00651A7C /* LaunchScreen.storyboard in Resources */,
				FB8038E423AA17FB00651A7C /* GoogleService-Info.plist in Resources */,
				FB626F7B23B0D14A0060E029 /* ItemCell.xib in Resources */,
				FB8038CD23AA10EA00651A7C /* Assets.xcassets in Resources */,
				FB8038CB23AA10E800651A7C /* Main.storyboard in Resources */,
			);
			runOnlyForDeploymentPostprocessing = 0;
		};
/* End PBXResourcesBuildPhase section */

/* Begin PBXShellScriptBuildPhase section */
		A3842D93DA2EBCCD970FAF16 /* [CP] Check Pods Manifest.lock */ = {
			isa = PBXShellScriptBuildPhase;
			buildActionMask = 2147483647;
			files = (
			);
			inputFileListPaths = (
			);
			inputPaths = (
				"${PODS_PODFILE_DIR_PATH}/Podfile.lock",
				"${PODS_ROOT}/Manifest.lock",
			);
			name = "[CP] Check Pods Manifest.lock";
			outputFileListPaths = (
			);
			outputPaths = (
				"$(DERIVED_FILE_DIR)/Pods-Books-checkManifestLockResult.txt",
			);
			runOnlyForDeploymentPostprocessing = 0;
			shellPath = /bin/sh;
			shellScript = "diff \"${PODS_PODFILE_DIR_PATH}/Podfile.lock\" \"${PODS_ROOT}/Manifest.lock\" > /dev/null\nif [ $? != 0 ] ; then\n    # print error to STDERR\n    echo \"error: The sandbox is not in sync with the Podfile.lock. Run 'pod install' or update your CocoaPods installation.\" >&2\n    exit 1\nfi\n# This output is used by Xcode 'outputs' to avoid re-running this script phase.\necho \"SUCCESS\" > \"${SCRIPT_OUTPUT_FILE_0}\"\n";
			showEnvVarsInLog = 0;
		};
		D6CBFA2BC3F4488A37358F6D /* [CP] Embed Pods Frameworks */ = {
			isa = PBXShellScriptBuildPhase;
			buildActionMask = 2147483647;
			files = (
			);
			inputFileListPaths = (
				"${PODS_ROOT}/Target Support Files/Pods-Books/Pods-Books-frameworks-${CONFIGURATION}-input-files.xcfilelist",
			);
			name = "[CP] Embed Pods Frameworks";
			outputFileListPaths = (
				"${PODS_ROOT}/Target Support Files/Pods-Books/Pods-Books-frameworks-${CONFIGURATION}-output-files.xcfilelist",
			);
			runOnlyForDeploymentPostprocessing = 0;
			shellPath = /bin/sh;
			shellScript = "\"${PODS_ROOT}/Target Support Files/Pods-Books/Pods-Books-frameworks.sh\"\n";
			showEnvVarsInLog = 0;
		};
/* End PBXShellScriptBuildPhase section */

/* Begin PBXSourcesBuildPhase section */
		FB8038BC23AA10E800651A7C /* Sources */ = {
			isa = PBXSourcesBuildPhase;
			buildActionMask = 2147483647;
			files = (
				FB8038E623AA1B5300651A7C /* Users.swift in Sources */,
				FB8038C823AA10E800651A7C /* ViewController.swift in Sources */,
				FB8038C423AA10E800651A7C /* AppDelegate.swift in Sources */,
				FBA8D80223AD209F00F53658 /* PersonasInteresadasViewController.swift in Sources */,
				FB626F7F23B0E23D0060E029 /* HomeModel.swift in Sources */,
				FBA8D80823AD225E00F53658 /* HomeNavViewController.swift in Sources */,
				FB626F7A23B0D14A0060E029 /* ItemCell.swift in Sources */,
				FBB544AE23ACD5D900C1FE99 /* LoginModel.swift in Sources */,
				FBA8D80623AD20C200F53658 /* MisLibrosViewController.swift in Sources */,
				FB8038E223AA13FF00651A7C /* Utilities.swift in Sources */,
				FB8038DA23AA113C00651A7C /* SingUpViewController.swift in Sources */,
				FB8038DC23AA114900651A7C /* LoginViewController.swift in Sources */,
				FBA8D80A23AD229E00F53658 /* MainTabBarController.swift in Sources */,
				FB8038C623AA10E800651A7C /* SceneDelegate.swift in Sources */,
				FB626F7D23B0E1400060E029 /* BookItem.swift in Sources */,
				FB8038DE23AA115500651A7C /* HomeViewController.swift in Sources */,
				FB8038E823AA1E6500651A7C /* Constants.swift in Sources */,
				FBB544AC23ACCF8000C1FE99 /* SingupModel.swift in Sources */,
				FBA8D80423AD20B200F53658 /* LibrosInteresViewController.swift in Sources */,
			);
			runOnlyForDeploymentPostprocessing = 0;
		};
/* End PBXSourcesBuildPhase section */

/* Begin PBXVariantGroup section */
		FB8038C923AA10E800651A7C /* Main.storyboard */ = {
			isa = PBXVariantGroup;
			children = (
				FB8038CA23AA10E800651A7C /* Base */,
			);
			name = Main.storyboard;
			sourceTree = "<group>";
		};
		FB8038CE23AA10EA00651A7C /* LaunchScreen.storyboard */ = {
			isa = PBXVariantGroup;
			children = (
				FB8038CF23AA10EA00651A7C /* Base */,
			);
			name = LaunchScreen.storyboard;
			sourceTree = "<group>";
		};
/* End PBXVariantGroup section */

/* Begin XCBuildConfiguration section */
		FB8038D223AA10EA00651A7C /* Debug */ = {
			isa = XCBuildConfiguration;
			buildSettings = {
				ALWAYS_SEARCH_USER_PATHS = NO;
				CLANG_ANALYZER_NONNULL = YES;
				CLANG_ANALYZER_NUMBER_OBJECT_CONVERSION = YES_AGGRESSIVE;
				CLANG_CXX_LANGUAGE_STANDARD = "gnu++14";
				CLANG_CXX_LIBRARY = "libc++";
				CLANG_ENABLE_MODULES = YES;
				CLANG_ENABLE_OBJC_ARC = YES;
				CLANG_ENABLE_OBJC_WEAK = YES;
				CLANG_WARN_BLOCK_CAPTURE_AUTORELEASING = YES;
				CLANG_WARN_BOOL_CONVERSION = YES;
				CLANG_WARN_COMMA = YES;
				CLANG_WARN_CONSTANT_CONVERSION = YES;
				CLANG_WARN_DEPRECATED_OBJC_IMPLEMENTATIONS = YES;
				CLANG_WARN_DIRECT_OBJC_ISA_USAGE = YES_ERROR;
				CLANG_WARN_DOCUMENTATION_COMMENTS = YES;
				CLANG_WARN_EMPTY_BODY = YES;
				CLANG_WARN_ENUM_CONVERSION = YES;
				CLANG_WARN_INFINITE_RECURSION = YES;
				CLANG_WARN_INT_CONVERSION = YES;
				CLANG_WARN_NON_LITERAL_NULL_CONVERSION = YES;
				CLANG_WARN_OBJC_IMPLICIT_RETAIN_SELF = YES;
				CLANG_WARN_OBJC_LITERAL_CONVERSION = YES;
				CLANG_WARN_OBJC_ROOT_CLASS = YES_ERROR;
				CLANG_WARN_RANGE_LOOP_ANALYSIS = YES;
				CLANG_WARN_STRICT_PROTOTYPES = YES;
				CLANG_WARN_SUSPICIOUS_MOVE = YES;
				CLANG_WARN_UNGUARDED_AVAILABILITY = YES_AGGRESSIVE;
				CLANG_WARN_UNREACHABLE_CODE = YES;
				CLANG_WARN__DUPLICATE_METHOD_MATCH = YES;
				COPY_PHASE_STRIP = NO;
				DEBUG_INFORMATION_FORMAT = dwarf;
				ENABLE_STRICT_OBJC_MSGSEND = YES;
				ENABLE_TESTABILITY = YES;
				GCC_C_LANGUAGE_STANDARD = gnu11;
				GCC_DYNAMIC_NO_PIC = NO;
				GCC_NO_COMMON_BLOCKS = YES;
				GCC_OPTIMIZATION_LEVEL = 0;
				GCC_PREPROCESSOR_DEFINITIONS = (
					"DEBUG=1",
					"$(inherited)",
				);
				GCC_WARN_64_TO_32_BIT_CONVERSION = YES;
				GCC_WARN_ABOUT_RETURN_TYPE = YES_ERROR;
				GCC_WARN_UNDECLARED_SELECTOR = YES;
				GCC_WARN_UNINITIALIZED_AUTOS = YES_AGGRESSIVE;
				GCC_WARN_UNUSED_FUNCTION = YES;
				GCC_WARN_UNUSED_VARIABLE = YES;
				IPHONEOS_DEPLOYMENT_TARGET = 13.2;
				MTL_ENABLE_DEBUG_INFO = INCLUDE_SOURCE;
				MTL_FAST_MATH = YES;
				ONLY_ACTIVE_ARCH = YES;
				SDKROOT = iphoneos;
				SWIFT_ACTIVE_COMPILATION_CONDITIONS = DEBUG;
				SWIFT_OPTIMIZATION_LEVEL = "-Onone";
			};
			name = Debug;
		};
		FB8038D323AA10EA00651A7C /* Release */ = {
			isa = XCBuildConfiguration;
			buildSettings = {
				ALWAYS_SEARCH_USER_PATHS = NO;
				CLANG_ANALYZER_NONNULL = YES;
				CLANG_ANALYZER_NUMBER_OBJECT_CONVERSION = YES_AGGRESSIVE;
				CLANG_CXX_LANGUAGE_STANDARD = "gnu++14";
				CLANG_CXX_LIBRARY = "libc++";
				CLANG_ENABLE_MODULES = YES;
				CLANG_ENABLE_OBJC_ARC = YES;
				CLANG_ENABLE_OBJC_WEAK = YES;
				CLANG_WARN_BLOCK_CAPTURE_AUTORELEASING = YES;
				CLANG_WARN_BOOL_CONVERSION = YES;
				CLANG_WARN_COMMA = YES;
				CLANG_WARN_CONSTANT_CONVERSION = YES;
				CLANG_WARN_DEPRECATED_OBJC_IMPLEMENTATIONS = YES;
				CLANG_WARN_DIRECT_OBJC_ISA_USAGE = YES_ERROR;
				CLANG_WARN_DOCUMENTATION_COMMENTS = YES;
				CLANG_WARN_EMPTY_BODY = YES;
				CLANG_WARN_ENUM_CONVERSION = YES;
				CLANG_WARN_INFINITE_RECURSION = YES;
				CLANG_WARN_INT_CONVERSION = YES;
				CLANG_WARN_NON_LITERAL_NULL_CONVERSION = YES;
				CLANG_WARN_OBJC_IMPLICIT_RETAIN_SELF = YES;
				CLANG_WARN_OBJC_LITERAL_CONVERSION = YES;
				CLANG_WARN_OBJC_ROOT_CLASS = YES_ERROR;
				CLANG_WARN_RANGE_LOOP_ANALYSIS = YES;
				CLANG_WARN_STRICT_PROTOTYPES = YES;
				CLANG_WARN_SUSPICIOUS_MOVE = YES;
				CLANG_WARN_UNGUARDED_AVAILABILITY = YES_AGGRESSIVE;
				CLANG_WARN_UNREACHABLE_CODE = YES;
				CLANG_WARN__DUPLICATE_METHOD_MATCH = YES;
				COPY_PHASE_STRIP = NO;
				DEBUG_INFORMATION_FORMAT = "dwarf-with-dsym";
				ENABLE_NS_ASSERTIONS = NO;
				ENABLE_STRICT_OBJC_MSGSEND = YES;
				GCC_C_LANGUAGE_STANDARD = gnu11;
				GCC_NO_COMMON_BLOCKS = YES;
				GCC_WARN_64_TO_32_BIT_CONVERSION = YES;
				GCC_WARN_ABOUT_RETURN_TYPE = YES_ERROR;
				GCC_WARN_UNDECLARED_SELECTOR = YES;
				GCC_WARN_UNINITIALIZED_AUTOS = YES_AGGRESSIVE;
				GCC_WARN_UNUSED_FUNCTION = YES;
				GCC_WARN_UNUSED_VARIABLE = YES;
				IPHONEOS_DEPLOYMENT_TARGET = 13.2;
				MTL_ENABLE_DEBUG_INFO = NO;
				MTL_FAST_MATH = YES;
				SDKROOT = iphoneos;
				SWIFT_COMPILATION_MODE = wholemodule;
				SWIFT_OPTIMIZATION_LEVEL = "-O";
				VALIDATE_PRODUCT = YES;
			};
			name = Release;
		};
		FB8038D523AA10EA00651A7C /* Debug */ = {
			isa = XCBuildConfiguration;
			baseConfigurationReference = 6845C3CF5A8D2996E0F0019E /* Pods-Books.debug.xcconfig */;
			buildSettings = {
				ASSETCATALOG_COMPILER_APPICON_NAME = AppIcon;
				CODE_SIGN_STYLE = Automatic;
				INFOPLIST_FILE = Books/Info.plist;
				LD_RUNPATH_SEARCH_PATHS = (
					"$(inherited)",
					"@executable_path/Frameworks",
				);
				PRODUCT_BUNDLE_IDENTIFIER = com.carlos.Books;
				PRODUCT_NAME = "$(TARGET_NAME)";
				SWIFT_VERSION = 5.0;
				TARGETED_DEVICE_FAMILY = "1,2";
			};
			name = Debug;
		};
		FB8038D623AA10EA00651A7C /* Release */ = {
			isa = XCBuildConfiguration;
			baseConfigurationReference = 61BF4046CF364783E9C972E3 /* Pods-Books.release.xcconfig */;
			buildSettings = {
				ASSETCATALOG_COMPILER_APPICON_NAME = AppIcon;
				CODE_SIGN_STYLE = Automatic;
				INFOPLIST_FILE = Books/Info.plist;
				LD_RUNPATH_SEARCH_PATHS = (
					"$(inherited)",
					"@executable_path/Frameworks",
				);
				PRODUCT_BUNDLE_IDENTIFIER = com.carlos.Books;
				PRODUCT_NAME = "$(TARGET_NAME)";
				SWIFT_VERSION = 5.0;
				TARGETED_DEVICE_FAMILY = "1,2";
			};
			name = Release;
		};
/* End XCBuildConfiguration section */

/* Begin XCConfigurationList section */
		FB8038BB23AA10E800651A7C /* Build configuration list for PBXProject "Books" */ = {
			isa = XCConfigurationList;
			buildConfigurations = (
				FB8038D223AA10EA00651A7C /* Debug */,
				FB8038D323AA10EA00651A7C /* Release */,
			);
			defaultConfigurationIsVisible = 0;
			defaultConfigurationName = Release;
		};
		FB8038D423AA10EA00651A7C /* Build configuration list for PBXNativeTarget "Books" */ = {
			isa = XCConfigurationList;
			buildConfigurations = (
				FB8038D523AA10EA00651A7C /* Debug */,
				FB8038D623AA10EA00651A7C /* Release */,
			);
			defaultConfigurationIsVisible = 0;
			defaultConfigurationName = Release;
		};
/* End XCConfigurationList section */
	};
	rootObject = FB8038B823AA10E800651A7C /* Project object */;
}
